{
  "requires": true,
  "lockfileVersion": 1,
  "dependencies": {
    "oqo": {
      "version": "1.0.1",
      "resolved": "https://registry.npmjs.org/oqo/-/oqo-1.0.1.tgz",
      "integrity": "sha512-CQBC+mahFD0NTR6a1wmcWzE54vtP0lsDTxgKYPwfKdGi0sDfswsb5Acl+hpN+DALvciu9AxVI7GHyEZo62+nMw=="
    }
  }
}
